Microsoft Visual Studio Solution File, Format Version 12.00
# Visual Studio Version 17
VisualStudioVersion = 17.5.2.0
MinimumVisualStudioVersion = 10.0.40219.1
Project("{FAE04EC0-301F-11D3-BF4B-00C04F79EFBC}") = "sse-tests", "sse-tests.csproj", "{4182DF76-EEC9-DC83-1BF7-2281A6845F6F}"
EndProject
Global
	GlobalSection(SolutionConfigurationPlatforms) = preSolution
		Debug|Any CPU = Debug|Any CPU
		Release|Any CPU = Release|Any CPU
	EndGlobalSection
	GlobalSection(ProjectConfigurationPlatforms) = postSolution
		{4182DF76-EEC9-DC83-1BF7-2281A6845F6F}.Debug|Any CPU.ActiveCfg = Debug|Any CPU
		{4182DF76-EEC9-DC83-1BF7-2281A6845F6F}.Debug|Any CPU.Build.0 = Debug|Any CPU
		{4182DF76-EEC9-DC83-1BF7-2281A6845F6F}.Release|Any CPU.ActiveCfg = Release|Any CPU
		{4182DF76-EEC9-DC83-1BF7-2281A6845F6F}.Release|Any CPU.Build.0 = Release|Any CPU
	EndGlobalSection
	GlobalSection(SolutionProperties) = preSolution
		HideSolutionNode = FALSE
	EndGlobalSection
	GlobalSection(ExtensibilityGlobals) = postSolution
		SolutionGuid = {23383249-0D42-4AB6-93B3-E1923CF84CE2}
	EndGlobalSection
EndGlobal
